github.com/arandu-io/hesape v0.25.2 h1:03iVVLGxfI7Er0GhY615LUlG3DP5P7N5B9B3GUzn+sY=
github.com/arandu-io/hesape v0.25.2/go.mod h1:KNXJJuKrDIpWvJgNbE2LxtHkOqO4J6cqPkmMcNlxrL0=
github.com/arandu-io/hesape v0.28.0 h1:NVQm4uV8oEWT+W6XwZS7CPYmqsTeoO2dwpE5e8OCqDk=
github.com/arandu-io/hesape v0.28.0/go.mod h1:KNXJJuKrDIpWvJgNbE2LxtHkOqO4J6cqPkmMcNlxrL0=
github.com/arandu-io/hesape v0.29.0 h1:rxembPnl9XuVqB/ILBf5A6zwKPmcsP2fMEuuKlIjEVI=
github.com/arandu-io/hesape v0.29.0/go.mod h1:KNXJJuKrDIpWvJgNbE2LxtHkOqO4J6cqPkmMcNlxrL0=
